
Microsoft Visual Studio Solution File, Format Version 12.00
# Visual Studio 2013
VisualStudioVersion = 12.0.21005.1
MinimumVisualStudioVersion = 10.0.40219.1
Project("{FAE04EC0-301F-11D3-BF4B-00C04F79EFBC}") = "PrintExcel", "MyWinForm\PrintExcel.csproj", "{0C6B2DEA-B47C-47BA-BD1D-0281288C5501}"
EndProject
Project("{FAE04EC0-301F-11D3-BF4B-00C04F79EFBC}") = "TalentBuddy", "TalentBuddy\TalentBuddy.csproj", "{8482290A-5F88-4522-9CEF-ADD7A61E77CF}"
EndProject
Project("{FAE04EC0-301F-11D3-BF4B-00C04F79EFBC}") = "ThreadTest", "Thread\ThreadTest.csproj", "{C3C9104E-8D61-4DAD-8D25-F6A9A82B808A}"
EndProject
Project("{FAE04EC0-301F-11D3-BF4B-00C04F79EFBC}") = "RemeberEnglishWordTool", "RemeberEnglishWordTool\RemeberEnglishWordTool.csproj", "{36ABCD1F-359B-4FC9-BD51-B572B0854487}"
EndProject
Global
	GlobalSection(SolutionConfigurationPlatforms) = preSolution
		Debug|Any CPU = Debug|Any CPU
		Release|Any CPU = Release|Any CPU
	EndGlobalSection
	GlobalSection(ProjectConfigurationPlatforms) = postSolution
		{0C6B2DEA-B47C-47BA-BD1D-0281288C5501}.Debug|Any CPU.ActiveCfg = Debug|Any CPU
		{0C6B2DEA-B47C-47BA-BD1D-0281288C5501}.Debug|Any CPU.Build.0 = Debug|Any CPU
		{0C6B2DEA-B47C-47BA-BD1D-0281288C5501}.Release|Any CPU.ActiveCfg = Release|Any CPU
		{0C6B2DEA-B47C-47BA-BD1D-0281288C5501}.Release|Any CPU.Build.0 = Release|Any CPU
		{8482290A-5F88-4522-9CEF-ADD7A61E77CF}.Debug|Any CPU.ActiveCfg = Debug|Any CPU
		{8482290A-5F88-4522-9CEF-ADD7A61E77CF}.Debug|Any CPU.Build.0 = Debug|Any CPU
		{8482290A-5F88-4522-9CEF-ADD7A61E77CF}.Release|Any CPU.ActiveCfg = Release|Any CPU
		{8482290A-5F88-4522-9CEF-ADD7A61E77CF}.Release|Any CPU.Build.0 = Release|Any CPU
		{C3C9104E-8D61-4DAD-8D25-F6A9A82B808A}.Debug|Any CPU.ActiveCfg = Debug|Any CPU
		{C3C9104E-8D61-4DAD-8D25-F6A9A82B808A}.Debug|Any CPU.Build.0 = Debug|Any CPU
		{C3C9104E-8D61-4DAD-8D25-F6A9A82B808A}.Release|Any CPU.ActiveCfg = Release|Any CPU
		{C3C9104E-8D61-4DAD-8D25-F6A9A82B808A}.Release|Any CPU.Build.0 = Release|Any CPU
		{36ABCD1F-359B-4FC9-BD51-B572B0854487}.Debug|Any CPU.ActiveCfg = Debug|Any CPU
		{36ABCD1F-359B-4FC9-BD51-B572B0854487}.Debug|Any CPU.Build.0 = Debug|Any CPU
		{36ABCD1F-359B-4FC9-BD51-B572B0854487}.Release|Any CPU.ActiveCfg = Release|Any CPU
		{36ABCD1F-359B-4FC9-BD51-B572B0854487}.Release|Any CPU.Build.0 = Release|Any CPU
	EndGlobalSection
	GlobalSection(SolutionProperties) = preSolution
		HideSolutionNode = FALSE
	EndGlobalSection
EndGlobal
